
Microsoft Visual Studio Solution File, Format Version 12.00
# Visual Studio Version 16
VisualStudioVersion = 16.0.31112.23
MinimumVisualStudioVersion = 10.0.40219.1
Project("{FAE04EC0-301F-11D3-BF4B-00C04F79EFBC}") = "Summator", "Summator\Summator.csproj", "{351CA770-CF31-41CA-9209-A840139C629F}"
EndProject
Project("{FAE04EC0-301F-11D3-BF4B-00C04F79EFBC}") = "Summator.Tests", "Summator.Tests\Summator.Tests.csproj", "{FDA1F534-0BA9-49D4-A352-44CB2E86FC93}"
EndProject
Global
	GlobalSection(SolutionConfigurationPlatforms) = preSolution
		Debug|Any CPU = Debug|Any CPU
		Release|Any CPU = Release|Any CPU
	EndGlobalSection
	GlobalSection(ProjectConfigurationPlatforms) = postSolution
		{351CA770-CF31-41CA-9209-A840139C629F}.Debug|Any CPU.ActiveCfg = Debug|Any CPU
		{351CA770-CF31-41CA-9209-A840139C629F}.Debug|Any CPU.Build.0 = Debug|Any CPU
		{351CA770-CF31-41CA-9209-A840139C629F}.Release|Any CPU.ActiveCfg = Release|Any CPU
		{351CA770-CF31-41CA-9209-A840139C629F}.Release|Any CPU.Build.0 = Release|Any CPU
		{FDA1F534-0BA9-49D4-A352-44CB2E86FC93}.Debug|Any CPU.ActiveCfg = Debug|Any CPU
		{FDA1F534-0BA9-49D4-A352-44CB2E86FC93}.Debug|Any CPU.Build.0 = Debug|Any CPU
		{FDA1F534-0BA9-49D4-A352-44CB2E86FC93}.Release|Any CPU.ActiveCfg = Release|Any CPU
		{FDA1F534-0BA9-49D4-A352-44CB2E86FC93}.Release|Any CPU.Build.0 = Release|Any CPU
	EndGlobalSection
	GlobalSection(SolutionProperties) = preSolution
		HideSolutionNode = FALSE
	EndGlobalSection
	GlobalSection(ExtensibilityGlobals) = postSolution
		SolutionGuid = {D3511FFF-A78F-4258-A2CF-D32A0AA6646F}
	EndGlobalSection
EndGlobal
